{
  "name": "learn_js",
  "version": "1.0.0",
  "lockfileVersion": 3,
  "requires": true,
  "packages": {
    "": {
      "name": "learn_js",
      "version": "1.0.0",
      "license": "ISC",
      "devDependencies": {
        "@eslint/js": "^9.30.1",
        "globals": "^16.3.0"
      }
    },
    "node_modules/@eslint/js": {
      "version": "9.30.1",
      "resolved": "https://registry.npmjs.org/@eslint/js/-/js-9.30.1.tgz",
      "integrity": "sha512-zXhuECFlyep42KZUhWjfvsmXGX39W8K8LFb8AWXM9gSV9dQB+MrJGLKvW6Zw0Ggnbpw0VHTtrhFXYe3Gym18jg==",
      "dev": true,
      "license": "MIT",
      "engines": {
        "node": "^18.18.0 || ^20.9.0 || >=21.1.0"
      },
      "funding": {
        "url": "https://eslint.org/donate"
      }
    },
    "node_modules/globals": {
      "version": "16.3.0",
      "resolved": "https://registry.npmjs.org/globals/-/globals-16.3.0.tgz",
      "integrity": "sha512-bqWEnJ1Nt3neqx2q5SFfGS8r/ahumIakg3HcwtNlrVlwXIeNumWn/c7Pn/wKzGhf6SaW6H6uWXLqC30STCMchQ==",
      "dev": true,
      "license": "MIT",
      "engines": {
        "node": ">=18"
      },
      "funding": {
        "url": "https://github.com/sponsors/sindresorhus"
      }
    }
  }
}
